
Microsoft Visual Studio Solution File, Format Version 12.00
# Visual Studio Version 17
VisualStudioVersion = 17.0.31903.59
MinimumVisualStudioVersion = 10.0.40219.1
Project("{9A19103F-16F7-4668-BE54-9A1E7A4F7556}") = "Tyuiu.KimmelDS.Sprint3.Task0.V26.Lib", "Tyuiu.KimmelDS.Sprint3.Task0.V26.Lib\Tyuiu.KimmelDS.Sprint3.Task0.V26.Lib.csproj", "{62287DFE-A6FC-4235-B9BE-C1EB886257FE}"
EndProject
Project("{9A19103F-16F7-4668-BE54-9A1E7A4F7556}") = "Tyuiu.KimmelDS.Sprint3.Task0.V26", "Tyuiu.KimmelDS.Sprint3.Task0.V26\Tyuiu.KimmelDS.Sprint3.Task0.V26.csproj", "{62DAAA4B-F0A1-4CD0-86CC-EC42D016C794}"
EndProject
Project("{9A19103F-16F7-4668-BE54-9A1E7A4F7556}") = "Tyuiu.KimmelDS.Sprint3.Task0.V26.Test", "Tyuiu.KimmelDS.Sprint3.Task0.V26.Test\Tyuiu.KimmelDS.Sprint3.Task0.V26.Test.csproj", "{ED226B7C-CC1E-4C7C-8199-0619F5A8F59A}"
EndProject
Project("{2150E333-8FDC-42A3-9474-1A3956D46DE8}") = "Task0", "Task0", "{F6A04ABA-EA95-4649-9709-64FE90207849}"
EndProject
Project("{9A19103F-16F7-4668-BE54-9A1E7A4F7556}") = "Tyuiu.KimmelDS.Sprint3.Task1.V8.Lib", "Tyuiu.KimmelDS.Sprint3.Task1.V8.Lib\Tyuiu.KimmelDS.Sprint3.Task1.V8.Lib.csproj", "{4B0B80B6-7432-47F0-8C0D-DD8497E2BA58}"
EndProject
Project("{9A19103F-16F7-4668-BE54-9A1E7A4F7556}") = "Tyuiu.KimmelDS.Sprint3.Task1.V8", "Tyuiu.KimmelDS.Sprint3.Task1.V8\Tyuiu.KimmelDS.Sprint3.Task1.V8.csproj", "{2B7B9219-EAD8-4CF8-917A-A337EBA4DAD3}"
EndProject
Project("{9A19103F-16F7-4668-BE54-9A1E7A4F7556}") = "Tyuiu.KimmelDS.Sprint3.Task1.V8.Test", "Tyuiu.KimmelDS.Sprint3.Task1.V8.Test\Tyuiu.KimmelDS.Sprint3.Task1.V8.Test.csproj", "{49B02EA1-6CA6-47F2-B614-D0829C781D27}"
EndProject
Project("{2150E333-8FDC-42A3-9474-1A3956D46DE8}") = "Task1", "Task1", "{A4147DD2-0D66-49C9-91C7-7E64C85C6CF0}"
EndProject
Project("{9A19103F-16F7-4668-BE54-9A1E7A4F7556}") = "Tyuiu.KimmelDS.Sprint3.Task2.V28.Lib", "Tyuiu.KimmelDS.Sprint3.Task2.V28.Lib\Tyuiu.KimmelDS.Sprint3.Task2.V28.Lib.csproj", "{925B2CA6-BEC6-4DDB-AD2F-8078A15E465E}"
EndProject
Project("{9A19103F-16F7-4668-BE54-9A1E7A4F7556}") = "Tyuiu.KimmelDS.Sprint3.Task2.V28", "Tyuiu.KimmelDS.Sprint3.Task2.V28\Tyuiu.KimmelDS.Sprint3.Task2.V28.csproj", "{51B2DEB4-EA9D-4B4F-9284-C985D90D5528}"
EndProject
Project("{9A19103F-16F7-4668-BE54-9A1E7A4F7556}") = "Tyuiu.KimmelDS.Sprint3.Task2.V28.Test", "Tyuiu.KimmelDS.Sprint3.Task2.V28.Test\Tyuiu.KimmelDS.Sprint3.Task2.V28.Test.csproj", "{AF49A519-00FD-4FAF-8F10-5933E064D97A}"
EndProject
Project("{2150E333-8FDC-42A3-9474-1A3956D46DE8}") = "Task2", "Task2", "{CE0BF7F5-E021-420B-8E54-08DD197FB2F4}"
EndProject
Project("{9A19103F-16F7-4668-BE54-9A1E7A4F7556}") = "Tyuiu.KimmelDS.Sprint3.Task3.V2.Lib", "Tyuiu.KimmelDS.Sprint3.Task3.V2.Lib\Tyuiu.KimmelDS.Sprint3.Task3.V2.Lib.csproj", "{BD56F78B-9BA5-465C-90B2-D6BE0FA934D7}"
EndProject
Project("{9A19103F-16F7-4668-BE54-9A1E7A4F7556}") = "Tyuiu.KimmelDS.Sprint3.Task3.V2", "Tyuiu.KimmelDS.Sprint3.Task3.V2\Tyuiu.KimmelDS.Sprint3.Task3.V2.csproj", "{074EEBE6-446E-4E64-A2D0-0F9FC3F30CFA}"
EndProject
Project("{9A19103F-16F7-4668-BE54-9A1E7A4F7556}") = "Tyuiu.KimmelDS.Sprint3.Task3.V2.Test", "Tyuiu.KimmelDS.Sprint3.Task3.V2.Test\Tyuiu.KimmelDS.Sprint3.Task3.V2.Test.csproj", "{30E6F796-B477-4111-A623-8D3186D331A9}"
EndProject
Project("{2150E333-8FDC-42A3-9474-1A3956D46DE8}") = "Task3", "Task3", "{B39D917C-D4E5-47C7-BABF-D386172D72B2}"
EndProject
Global
	GlobalSection(SolutionConfigurationPlatforms) = preSolution
		Debug|Any CPU = Debug|Any CPU
		Release|Any CPU = Release|Any CPU
	EndGlobalSection
	GlobalSection(ProjectConfigurationPlatforms) = postSolution
		{62287DFE-A6FC-4235-B9BE-C1EB886257FE}.Debug|Any CPU.ActiveCfg = Debug|Any CPU
		{62287DFE-A6FC-4235-B9BE-C1EB886257FE}.Debug|Any CPU.Build.0 = Debug|Any CPU
		{62287DFE-A6FC-4235-B9BE-C1EB886257FE}.Release|Any CPU.ActiveCfg = Release|Any CPU
		{62287DFE-A6FC-4235-B9BE-C1EB886257FE}.Release|Any CPU.Build.0 = Release|Any CPU
		{62DAAA4B-F0A1-4CD0-86CC-EC42D016C794}.Debug|Any CPU.ActiveCfg = Debug|Any CPU
		{62DAAA4B-F0A1-4CD0-86CC-EC42D016C794}.Debug|Any CPU.Build.0 = Debug|Any CPU
		{62DAAA4B-F0A1-4CD0-86CC-EC42D016C794}.Release|Any CPU.ActiveCfg = Release|Any CPU
		{62DAAA4B-F0A1-4CD0-86CC-EC42D016C794}.Release|Any CPU.Build.0 = Release|Any CPU
		{ED226B7C-CC1E-4C7C-8199-0619F5A8F59A}.Debug|Any CPU.ActiveCfg = Debug|Any CPU
		{ED226B7C-CC1E-4C7C-8199-0619F5A8F59A}.Debug|Any CPU.Build.0 = Debug|Any CPU
		{ED226B7C-CC1E-4C7C-8199-0619F5A8F59A}.Release|Any CPU.ActiveCfg = Release|Any CPU
		{ED226B7C-CC1E-4C7C-8199-0619F5A8F59A}.Release|Any CPU.Build.0 = Release|Any CPU
		{4B0B80B6-7432-47F0-8C0D-DD8497E2BA58}.Debug|Any CPU.ActiveCfg = Debug|Any CPU
		{4B0B80B6-7432-47F0-8C0D-DD8497E2BA58}.Debug|Any CPU.Build.0 = Debug|Any CPU
		{4B0B80B6-7432-47F0-8C0D-DD8497E2BA58}.Release|Any CPU.ActiveCfg = Release|Any CPU
		{4B0B80B6-7432-47F0-8C0D-DD8497E2BA58}.Release|Any CPU.Build.0 = Release|Any CPU
		{2B7B9219-EAD8-4CF8-917A-A337EBA4DAD3}.Debug|Any CPU.ActiveCfg = Debug|Any CPU
		{2B7B9219-EAD8-4CF8-917A-A337EBA4DAD3}.Debug|Any CPU.Build.0 = Debug|Any CPU
		{2B7B9219-EAD8-4CF8-917A-A337EBA4DAD3}.Release|Any CPU.ActiveCfg = Release|Any CPU
		{2B7B9219-EAD8-4CF8-917A-A337EBA4DAD3}.Release|Any CPU.Build.0 = Release|Any CPU
		{49B02EA1-6CA6-47F2-B614-D0829C781D27}.Debug|Any CPU.ActiveCfg = Debug|Any CPU
		{49B02EA1-6CA6-47F2-B614-D0829C781D27}.Debug|Any CPU.Build.0 = Debug|Any CPU
		{49B02EA1-6CA6-47F2-B614-D0829C781D27}.Release|Any CPU.ActiveCfg = Release|Any CPU
		{49B02EA1-6CA6-47F2-B614-D0829C781D27}.Release|Any CPU.Build.0 = Release|Any CPU
		{925B2CA6-BEC6-4DDB-AD2F-8078A15E465E}.Debug|Any CPU.ActiveCfg = Debug|Any CPU
		{925B2CA6-BEC6-4DDB-AD2F-8078A15E465E}.Debug|Any CPU.Build.0 = Debug|Any CPU
		{925B2CA6-BEC6-4DDB-AD2F-8078A15E465E}.Release|Any CPU.ActiveCfg = Release|Any CPU
		{925B2CA6-BEC6-4DDB-AD2F-8078A15E465E}.Release|Any CPU.Build.0 = Release|Any CPU
		{51B2DEB4-EA9D-4B4F-9284-C985D90D5528}.Debug|Any CPU.ActiveCfg = Debug|Any CPU
		{51B2DEB4-EA9D-4B4F-9284-C985D90D5528}.Debug|Any CPU.Build.0 = Debug|Any CPU
		{51B2DEB4-EA9D-4B4F-9284-C985D90D5528}.Release|Any CPU.ActiveCfg = Release|Any CPU
		{51B2DEB4-EA9D-4B4F-9284-C985D90D5528}.Release|Any CPU.Build.0 = Release|Any CPU
		{AF49A519-00FD-4FAF-8F10-5933E064D97A}.Debug|Any CPU.ActiveCfg = Debug|Any CPU
		{AF49A519-00FD-4FAF-8F10-5933E064D97A}.Debug|Any CPU.Build.0 = Debug|Any CPU
		{AF49A519-00FD-4FAF-8F10-5933E064D97A}.Release|Any CPU.ActiveCfg = Release|Any CPU
		{AF49A519-00FD-4FAF-8F10-5933E064D97A}.Release|Any CPU.Build.0 = Release|Any CPU
		{BD56F78B-9BA5-465C-90B2-D6BE0FA934D7}.Debug|Any CPU.ActiveCfg = Debug|Any CPU
		{BD56F78B-9BA5-465C-90B2-D6BE0FA934D7}.Debug|Any CPU.Build.0 = Debug|Any CPU
		{BD56F78B-9BA5-465C-90B2-D6BE0FA934D7}.Release|Any CPU.ActiveCfg = Release|Any CPU
		{BD56F78B-9BA5-465C-90B2-D6BE0FA934D7}.Release|Any CPU.Build.0 = Release|Any CPU
		{074EEBE6-446E-4E64-A2D0-0F9FC3F30CFA}.Debug|Any CPU.ActiveCfg = Debug|Any CPU
		{074EEBE6-446E-4E64-A2D0-0F9FC3F30CFA}.Debug|Any CPU.Build.0 = Debug|Any CPU
		{074EEBE6-446E-4E64-A2D0-0F9FC3F30CFA}.Release|Any CPU.ActiveCfg = Release|Any CPU
		{074EEBE6-446E-4E64-A2D0-0F9FC3F30CFA}.Release|Any CPU.Build.0 = Release|Any CPU
		{30E6F796-B477-4111-A623-8D3186D331A9}.Debug|Any CPU.ActiveCfg = Debug|Any CPU
		{30E6F796-B477-4111-A623-8D3186D331A9}.Debug|Any CPU.Build.0 = Debug|Any CPU
		{30E6F796-B477-4111-A623-8D3186D331A9}.Release|Any CPU.ActiveCfg = Release|Any CPU
		{30E6F796-B477-4111-A623-8D3186D331A9}.Release|Any CPU.Build.0 = Release|Any CPU
	EndGlobalSection
	GlobalSection(SolutionProperties) = preSolution
		HideSolutionNode = FALSE
	EndGlobalSection
	GlobalSection(NestedProjects) = preSolution
		{62287DFE-A6FC-4235-B9BE-C1EB886257FE} = {F6A04ABA-EA95-4649-9709-64FE90207849}
		{62DAAA4B-F0A1-4CD0-86CC-EC42D016C794} = {F6A04ABA-EA95-4649-9709-64FE90207849}
		{ED226B7C-CC1E-4C7C-8199-0619F5A8F59A} = {F6A04ABA-EA95-4649-9709-64FE90207849}
		{4B0B80B6-7432-47F0-8C0D-DD8497E2BA58} = {A4147DD2-0D66-49C9-91C7-7E64C85C6CF0}
		{2B7B9219-EAD8-4CF8-917A-A337EBA4DAD3} = {A4147DD2-0D66-49C9-91C7-7E64C85C6CF0}
		{49B02EA1-6CA6-47F2-B614-D0829C781D27} = {A4147DD2-0D66-49C9-91C7-7E64C85C6CF0}
		{925B2CA6-BEC6-4DDB-AD2F-8078A15E465E} = {CE0BF7F5-E021-420B-8E54-08DD197FB2F4}
		{51B2DEB4-EA9D-4B4F-9284-C985D90D5528} = {CE0BF7F5-E021-420B-8E54-08DD197FB2F4}
		{AF49A519-00FD-4FAF-8F10-5933E064D97A} = {CE0BF7F5-E021-420B-8E54-08DD197FB2F4}
		{BD56F78B-9BA5-465C-90B2-D6BE0FA934D7} = {B39D917C-D4E5-47C7-BABF-D386172D72B2}
		{074EEBE6-446E-4E64-A2D0-0F9FC3F30CFA} = {B39D917C-D4E5-47C7-BABF-D386172D72B2}
		{30E6F796-B477-4111-A623-8D3186D331A9} = {B39D917C-D4E5-47C7-BABF-D386172D72B2}
	EndGlobalSection
	GlobalSection(ExtensibilityGlobals) = postSolution
		SolutionGuid = {36868E8A-BB26-41BD-9D33-2C29A0C01665}
	EndGlobalSection
EndGlobal
